
Microsoft Visual Studio Solution File, Format Version 12.00
# Visual Studio 15
VisualStudioVersion = 15.0.27130.2036
MinimumVisualStudioVersion = 10.0.40219.1
Project("{FAE04EC0-301F-11D3-BF4B-00C04F79EFBC}") = "ImageGallery.Model", "ImageGallery.Model\ImageGallery.Model.csproj", "{3F7387E1-5359-4DC5-906F-766A27321D1A}"
EndProject
Project("{2150E333-8FDC-42A3-9474-1A3956D46DE8}") = "Test", "Test", "{DF210846-9670-4BD4-9C61-3238BCB39DCB}"
EndProject
Project("{FAE04EC0-301F-11D3-BF4B-00C04F79EFBC}") = "ImageGallery.Model.Test", "ImageGallery.Model.Test\ImageGallery.Model.Test.csproj", "{2B0697C3-31C9-4074-8088-0232930A50C8}"
EndProject
Project("{FAE04EC0-301F-11D3-BF4B-00C04F79EFBC}") = "ImageGallery.API", "ImageGallery.API\ImageGallery.API.csproj", "{BE567B4D-1B77-4FA7-AEA8-02F15D626C3F}"
EndProject
Project("{FAE04EC0-301F-11D3-BF4B-00C04F79EFBC}") = "ImageGallery.API.Test", "ImageGallery.API.Test\ImageGallery.API.Test.csproj", "{5BB2B215-4865-4CE2-94C0-7F667C2E0599}"
EndProject
Global
	GlobalSection(SolutionConfigurationPlatforms) = preSolution
		Debug|Any CPU = Debug|Any CPU
		Release|Any CPU = Release|Any CPU
	EndGlobalSection
	GlobalSection(ProjectConfigurationPlatforms) = postSolution
		{3F7387E1-5359-4DC5-906F-766A27321D1A}.Debug|Any CPU.ActiveCfg = Debug|Any CPU
		{3F7387E1-5359-4DC5-906F-766A27321D1A}.Debug|Any CPU.Build.0 = Debug|Any CPU
		{3F7387E1-5359-4DC5-906F-766A27321D1A}.Release|Any CPU.ActiveCfg = Release|Any CPU
		{3F7387E1-5359-4DC5-906F-766A27321D1A}.Release|Any CPU.Build.0 = Release|Any CPU
		{2B0697C3-31C9-4074-8088-0232930A50C8}.Debug|Any CPU.ActiveCfg = Debug|Any CPU
		{2B0697C3-31C9-4074-8088-0232930A50C8}.Debug|Any CPU.Build.0 = Debug|Any CPU
		{2B0697C3-31C9-4074-8088-0232930A50C8}.Release|Any CPU.ActiveCfg = Release|Any CPU
		{2B0697C3-31C9-4074-8088-0232930A50C8}.Release|Any CPU.Build.0 = Release|Any CPU
		{BE567B4D-1B77-4FA7-AEA8-02F15D626C3F}.Debug|Any CPU.ActiveCfg = Debug|Any CPU
		{BE567B4D-1B77-4FA7-AEA8-02F15D626C3F}.Debug|Any CPU.Build.0 = Debug|Any CPU
		{BE567B4D-1B77-4FA7-AEA8-02F15D626C3F}.Release|Any CPU.ActiveCfg = Release|Any CPU
		{BE567B4D-1B77-4FA7-AEA8-02F15D626C3F}.Release|Any CPU.Build.0 = Release|Any CPU
		{5BB2B215-4865-4CE2-94C0-7F667C2E0599}.Debug|Any CPU.ActiveCfg = Debug|Any CPU
		{5BB2B215-4865-4CE2-94C0-7F667C2E0599}.Debug|Any CPU.Build.0 = Debug|Any CPU
		{5BB2B215-4865-4CE2-94C0-7F667C2E0599}.Release|Any CPU.ActiveCfg = Release|Any CPU
		{5BB2B215-4865-4CE2-94C0-7F667C2E0599}.Release|Any CPU.Build.0 = Release|Any CPU
	EndGlobalSection
	GlobalSection(SolutionProperties) = preSolution
		HideSolutionNode = FALSE
	EndGlobalSection
	GlobalSection(NestedProjects) = preSolution
		{2B0697C3-31C9-4074-8088-0232930A50C8} = {DF210846-9670-4BD4-9C61-3238BCB39DCB}
		{5BB2B215-4865-4CE2-94C0-7F667C2E0599} = {DF210846-9670-4BD4-9C61-3238BCB39DCB}
	EndGlobalSection
	GlobalSection(ExtensibilityGlobals) = postSolution
		SolutionGuid = {10A95CFD-85C5-4AC2-BC73-10046D071919}
	EndGlobalSection
EndGlobal
